// !$*UTF8*$!
{
	archiveVersion = 1;
	classes = {
	};
	objectVersion = 46;
	objects = {

/* Begin PBXBuildFile section */
		B5D786D620A0FA2400FD4630 /* AppDelegate.swift in Sources */ = {isa = PBXBuildFile; fileRef = B5D786D520A0FA2400FD4630 /* AppDelegate.swift */; };
		B5D786D820A0FA2400FD4630 /* ViewController.swift in Sources */ = {isa = PBXBuildFile; fileRef = B5D786D720A0FA2400FD4630 /* ViewController.swift */; };
		B5D786DB20A0FA2400FD4630 /* Main.storyboard in Resources */ = {isa = PBXBuildFile; fileRef = B5D786D920A0FA2400FD4630 /* Main.storyboard */; };
		B5D786DE20A0FA2400FD4630 /* SoundBoard.xcdatamodeld in Sources */ = {isa = PBXBuildFile; fileRef = B5D786DC20A0FA2400FD4630 /* SoundBoard.xcdatamodeld */; };
		B5D786E020A0FA2400FD4630 /* Assets.xcassets in Resources */ = {isa = PBXBuildFile; fileRef = B5D786DF20A0FA2400FD4630 /* Assets.xcassets */; };
		B5D786E320A0FA2400FD4630 /* LaunchScreen.storyboard in Resources */ = {isa = PBXBuildFile; fileRef = B5D786E120A0FA2400FD4630 /* LaunchScreen.storyboard */; };
/* End PBXBuildFile section */

/* Begin PBXFileReference section */
		B5D786D220A0FA2400FD4630 /* SoundBoard.app */ = {isa = PBXFileReference; explicitFileType = wrapper.application; includeInIndex = 0; path = SoundBoard.app; sourceTree = BUILT_PRODUCTS_DIR; };
		B5D786D520A0FA2400FD4630 /* AppDelegate.swift */ = {isa = PBXFileReference; lastKnownFileType = sourcecode.swift; path = AppDelegate.swift; sourceTree = "<group>"; };
		B5D786D720A0FA2400FD4630 /* ViewController.swift */ = {isa = PBXFileReference; lastKnownFileType = sourcecode.swift; path = ViewController.swift; sourceTree = "<group>"; };
		B5D786DA20A0FA2400FD4630 /* Base */ = {isa = PBXFileReference; lastKnownFileType = file.storyboard; name = Base; path = Base.lproj/Main.storyboard; sourceTree = "<group>"; };
		B5D786DD20A0FA2400FD4630 /* SoundBoard.xcdatamodel */ = {isa = PBXFileReference; lastKnownFileType = wrapper.xcdatamodel; path = SoundBoard.xcdatamodel; sourceTree = "<group>"; };
		B5D786DF20A0FA2400FD4630 /* Assets.xcassets */ = {isa = PBXFileReference; lastKnownFileType = folder.assetcatalog; path = Assets.xcassets; sourceTree = "<group>"; };
		B5D786E220A0FA2400FD4630 /* Base */ = {isa = PBXFileReference; lastKnownFileType = file.storyboard; name = Base; path = Base.lproj/LaunchScreen.storyboard; sourceTree = "<group>"; };
		B5D786E420A0FA2400FD4630 /* Info.plist */ = {isa = PBXFileReference; lastKnownFileType = text.plist.xml; path = Info.plist; sourceTree = "<group>"; };
/* End PBXFileReference section */

/* Begin PBXFrameworksBuildPhase section */
		B5D786CF20A0FA2400FD4630 /* Frameworks */ = {
			isa = PBXFrameworksBuildPhase;
			buildActionMask = 2147483647;
			files = (
			);
			runOnlyForDeploymentPostprocessing = 0;
		};
/* End PBXFrameworksBuildPhase section */

/* Begin PBXGroup section */
		B5D786C920A0FA2400FD4630 = {
			isa = PBXGroup;
			children = (
				B5D786D420A0FA2400FD4630 /* SoundBoard */,
				B5D786D320A0FA2400FD4630 /* Products */,
			);
			sourceTree = "<group>";
		};
		B5D786D320A0FA2400FD4630 /* Products */ = {
			isa = PBXGroup;
			children = (
				B5D786D220A0FA2400FD4630 /* SoundBoard.app */,
			);
			name = Products;
			sourceTree = "<group>";
		};
		B5D786D420A0FA2400FD4630 /* SoundBoard */ = {
			isa = PBXGroup;
			children = (
				B5D786D520A0FA2400FD4630 /* AppDelegate.swift */,
				B5D786D720A0FA2400FD4630 /* ViewController.swift */,
				B5D786D920A0FA2400FD4630 /* Main.storyboard */,
				B5D786DF20A0FA2400FD4630 /* Assets.xcassets */,
				B5D786E120A0FA2400FD4630 /* LaunchScreen.storyboard */,
				B5D786E420A0FA2400FD4630 /* Info.plist */,
				B5D786DC20A0FA2400FD4630 /* SoundBoard.xcdatamodeld */,
			);
			path = SoundBoard;
			sourceTree = "<group>";
		};
/* End PBXGroup section */

/* Begin PBXNativeTarget section */
		B5D786D120A0FA2400FD4630 /* SoundBoard */ = {
			isa = PBXNativeTarget;
			buildConfigurationList = B5D786E720A0FA2400FD4630 /* Build configuration list for PBXNativeTarget "SoundBoard" */;
			buildPhases = (
				B5D786CE20A0FA2400FD4630 /* Sources */,
				B5D786CF20A0FA2400FD4630 /* Frameworks */,
				B5D786D020A0FA2400FD4630 /* Resources */,
			);
			buildRules = (
			);
			dependencies = (
			);
			name = SoundBoard;
			productName = SoundBoard;
			productReference = B5D786D220A0FA2400FD4630 /* SoundBoard.app */;
			productType = "com.apple.product-type.application";
		};
/* End PBXNativeTarget section */

/* Begin PBXProject section */
		B5D786CA20A0FA2400FD4630 /* Project object */ = {
			isa = PBXProject;
			attributes = {
				LastSwiftUpdateCheck = 0830;
				LastUpgradeCheck = 0830;
				ORGANIZATIONNAME = "Cristhian Gomez";
				TargetAttributes = {
					B5D786D120A0FA2400FD4630 = {
						CreatedOnToolsVersion = 8.3.2;
						ProvisioningStyle = Automatic;
					};
				};
			};
			buildConfigurationList = B5D786CD20A0FA2400FD4630 /* Build configuration list for PBXProject "SoundBoard" */;
			compatibilityVersion = "Xcode 3.2";
			developmentRegion = English;
			hasScannedForEncodings = 0;
			knownRegions = (
				en,
				Base,
			);
			mainGroup = B5D786C920A0FA2400FD4630;
			productRefGroup = B5D786D320A0FA2400FD4630 /* Products */;
			projectDirPath = "";
			projectRoot = "";
			targets = (
				B5D786D120A0FA2400FD4630 /* SoundBoard */,
			);
		};
/* End PBXProject section */

/* Begin PBXResourcesBuildPhase section */
		B5D786D020A0FA2400FD4630 /* Resources */ = {
			isa = PBXResourcesBuildPhase;
			buildActionMask = 2147483647;
			files = (
				B5D786E320A0FA2400FD4630 /* LaunchScreen.storyboard in Resources */,
				B5D786E020A0FA2400FD4630 /* Assets.xcassets in Resources */,
				B5D786DB20A0FA2400FD4630 /* Main.storyboard in Resources */,
			);
			runOnlyForDeploymentPostprocessing = 0;
		};
/* End PBXResourcesBuildPhase section */

/* Begin PBXSourcesBuildPhase section */
		B5D786CE20A0FA2400FD4630 /* Sources */ = {
			isa = PBXSourcesBuildPhase;
			buildActionMask = 2147483647;
			files = (
				B5D786DE20A0FA2400FD4630 /* SoundBoard.xcdatamodeld in Sources */,
				B5D786D820A0FA2400FD4630 /* ViewController.swift in Sources */,
				B5D786D620A0FA2400FD4630 /* AppDelegate.swift in Sources */,
			);
			runOnlyForDeploymentPostprocessing = 0;
		};
/* End PBXSourcesBuildPhase section */

/* Begin PBXVariantGroup section */
		B5D786D920A0FA2400FD4630 /* Main.storyboard */ = {
			isa = PBXVariantGroup;
			children = (
				B5D786DA20A0FA2400FD4630 /* Base */,
			);
			name = Main.storyboard;
			sourceTree = "<group>";
		};
		B5D786E120A0FA2400FD4630 /* LaunchScreen.storyboard */ = {
			isa = PBXVariantGroup;
			children = (
				B5D786E220A0FA2400FD4630 /* Base */,
			);
			name = LaunchScreen.storyboard;
			sourceTree = "<group>";
		};
/* End PBXVariantGroup section */

/* Begin XCBuildConfiguration section */
		B5D786E520A0FA2400FD4630 /* Debug */ = {
			isa = XCBuildConfiguration;
			buildSettings = {
				ALWAYS_SEARCH_USER_PATHS = NO;
				CLANG_ANALYZER_NONNULL = YES;
				CLANG_ANALYZER_NUMBER_OBJECT_CONVERSION = YES_AGGRESSIVE;
				CLANG_CXX_LANGUAGE_STANDARD = "gnu++0x";
				CLANG_CXX_LIBRARY = "libc++";
				CLANG_ENABLE_MODULES = YES;
				CLANG_ENABLE_OBJC_ARC = YES;
				CLANG_WARN_BOOL_CONVERSION = YES;
				CLANG_WARN_CONSTANT_CONVERSION = YES;
				CLANG_WARN_DIRECT_OBJC_ISA_USAGE = YES_ERROR;
				CLANG_WARN_DOCUMENTATION_COMMENTS = YES;
				CLANG_WARN_EMPTY_BODY = YES;
				CLANG_WARN_ENUM_CONVERSION = YES;
				CLANG_WARN_INFINITE_RECURSION = YES;
				CLANG_WARN_INT_CONVERSION = YES;
				CLANG_WARN_OBJC_ROOT_CLASS = YES_ERROR;
				CLANG_WARN_SUSPICIOUS_MOVE = YES;
				CLANG_WARN_UNREACHABLE_CODE = YES;
				CLANG_WARN__DUPLICATE_METHOD_MATCH = YES;
				"CODE_SIGN_IDENTITY[sdk=iphoneos*]" = "iPhone Developer";
				COPY_PHASE_STRIP = NO;
				DEBUG_INFORMATION_FORMAT = dwarf;
				ENABLE_STRICT_OBJC_MSGSEND = YES;
				ENABLE_TESTABILITY = YES;
				GCC_C_LANGUAGE_STANDARD = gnu99;
				GCC_DYNAMIC_NO_PIC = NO;
				GCC_NO_COMMON_BLOCKS = YES;
				GCC_OPTIMIZATION_LEVEL = 0;
				GCC_PREPROCESSOR_DEFINITIONS = (
					"DEBUG=1",
					"$(inherited)",
				);
				GCC_WARN_64_TO_32_BIT_CONVERSION = YES;
				GCC_WARN_ABOUT_RETURN_TYPE = YES_ERROR;
				GCC_WARN_UNDECLARED_SELECTOR = YES;
				GCC_WARN_UNINITIALIZED_AUTOS = YES_AGGRESSIVE;
				GCC_WARN_UNUSED_FUNCTION = YES;
				GCC_WARN_UNUSED_VARIABLE = YES;
				IPHONEOS_DEPLOYMENT_TARGET = 10.3;
				MTL_ENABLE_DEBUG_INFO = YES;
				ONLY_ACTIVE_ARCH = YES;
				SDKROOT = iphoneos;
				SWIFT_ACTIVE_COMPILATION_CONDITIONS = DEBUG;
				SWIFT_OPTIMIZATION_LEVEL = "-Onone";
				TARGETED_DEVICE_FAMILY = "1,2";
			};
			name = Debug;
		};
		B5D786E620A0FA2400FD4630 /* Release */ = {
			isa = XCBuildConfiguration;
			buildSettings = {
				ALWAYS_SEARCH_USER_PATHS = NO;
				CLANG_ANALYZER_NONNULL = YES;
				CLANG_ANALYZER_NUMBER_OBJECT_CONVERSION = YES_AGGRESSIVE;
				CLANG_CXX_LANGUAGE_STANDARD = "gnu++0x";
				CLANG_CXX_LIBRARY = "libc++";
				CLANG_ENABLE_MODULES = YES;
				CLANG_ENABLE_OBJC_ARC = YES;
				CLANG_WARN_BOOL_CONVERSION = YES;
				CLANG_WARN_CONSTANT_CONVERSION = YES;
				CLANG_WARN_DIRECT_OBJC_ISA_USAGE = YES_ERROR;
				CLANG_WARN_DOCUMENTATION_COMMENTS = YES;
				CLANG_WARN_EMPTY_BODY = YES;
				CLANG_WARN_ENUM_CONVERSION = YES;
				CLANG_WARN_INFINITE_RECURSION = YES;
				CLANG_WARN_INT_CONVERSION = YES;
				CLANG_WARN_OBJC_ROOT_CLASS = YES_ERROR;
				CLANG_WARN_SUSPICIOUS_MOVE = YES;
				CLANG_WARN_UNREACHABLE_CODE = YES;
				CLANG_WARN__DUPLICATE_METHOD_MATCH = YES;
				"CODE_SIGN_IDENTITY[sdk=iphoneos*]" = "iPhone Developer";
				COPY_PHASE_STRIP = NO;
				DEBUG_INFORMATION_FORMAT = "dwarf-with-dsym";
				ENABLE_NS_ASSERTIONS = NO;
				ENABLE_STRICT_OBJC_MSGSEND = YES;
				GCC_C_LANGUAGE_STANDARD = gnu99;
				GCC_NO_COMMON_BLOCKS = YES;
				GCC_WARN_64_TO_32_BIT_CONVERSION = YES;
				GCC_WARN_ABOUT_RETURN_TYPE = YES_ERROR;
				GCC_WARN_UNDECLARED_SELECTOR = YES;
				GCC_WARN_UNINITIALIZED_AUTOS = YES_AGGRESSIVE;
				GCC_WARN_UNUSED_FUNCTION = YES;
				GCC_WARN_UNUSED_VARIABLE = YES;
				IPHONEOS_DEPLOYMENT_TARGET = 10.3;
				MTL_ENABLE_DEBUG_INFO = NO;
				SDKROOT = iphoneos;
				SWIFT_OPTIMIZATION_LEVEL = "-Owholemodule";
				TARGETED_DEVICE_FAMILY = "1,2";
				VALIDATE_PRODUCT = YES;
			};
			name = Release;
		};
		B5D786E820A0FA2400FD4630 /* Debug */ = {
			isa = XCBuildConfiguration;
			buildSettings = {
				ASSETCATALOG_COMPILER_APPICON_NAME = AppIcon;
				INFOPLIST_FILE = SoundBoard/Info.plist;
				LD_RUNPATH_SEARCH_PATHS = "$(inherited) @executable_path/Frameworks";
				PRODUCT_BUNDLE_IDENTIFIER = tecsup.SoundBoard;
				PRODUCT_NAME = "$(TARGET_NAME)";
				SWIFT_VERSION = 3.0;
			};
			name = Debug;
		};
		B5D786E920A0FA2400FD4630 /* Release */ = {
			isa = XCBuildConfiguration;
			buildSettings = {
				ASSETCATALOG_COMPILER_APPICON_NAME = AppIcon;
				INFOPLIST_FILE = SoundBoard/Info.plist;
				LD_RUNPATH_SEARCH_PATHS = "$(inherited) @executable_path/Frameworks";
				PRODUCT_BUNDLE_IDENTIFIER = tecsup.SoundBoard;
				PRODUCT_NAME = "$(TARGET_NAME)";
				SWIFT_VERSION = 3.0;
			};
			name = Release;
		};
/* End XCBuildConfiguration section */

/* Begin XCConfigurationList section */
		B5D786CD20A0FA2400FD4630 /* Build configuration list for PBXProject "SoundBoard" */ = {
			isa = XCConfigurationList;
			buildConfigurations = (
				B5D786E520A0FA2400FD4630 /* Debug */,
				B5D786E620A0FA2400FD4630 /* Release */,
			);
			defaultConfigurationIsVisible = 0;
			defaultConfigurationName = Release;
		};
		B5D786E720A0FA2400FD4630 /* Build configuration list for PBXNativeTarget "SoundBoard" */ = {
			isa = XCConfigurationList;
			buildConfigurations = (
				B5D786E820A0FA2400FD4630 /* Debug */,
				B5D786E920A0FA2400FD4630 /* Release */,
			);
			defaultConfigurationIsVisible = 0;
		};
/* End XCConfigurationList section */

/* Begin XCVersionGroup section */
		B5D786DC20A0FA2400FD4630 /* SoundBoard.xcdatamodeld */ = {
			isa = XCVersionGroup;
			children = (
				B5D786DD20A0FA2400FD4630 /* SoundBoard.xcdatamodel */,
			);
			currentVersion = B5D786DD20A0FA2400FD4630 /* SoundBoard.xcdatamodel */;
			path = SoundBoard.xcdatamodeld;
			sourceTree = "<group>";
			versionGroupType = wrapper.xcdatamodel;
		};
/* End XCVersionGroup section */
	};
	rootObject = B5D786CA20A0FA2400FD4630 /* Project object */;
}
